// !$*UTF8*$!
{
	archiveVersion = 1;
	classes = {
	};
	objectVersion = 48;
	objects = {

/* Begin PBXBuildFile section */
		5200D0B0207070AF00F0381B /* AppDelegate.swift in Sources */ = {isa = PBXBuildFile; fileRef = 5200D0AF207070AF00F0381B /* AppDelegate.swift */; };
		5200D0B2207070AF00F0381B /* ViewController.swift in Sources */ = {isa = PBXBuildFile; fileRef = 5200D0B1207070AF00F0381B /* ViewController.swift */; };
		5200D0B5207070AF00F0381B /* Main.storyboard in Resources */ = {isa = PBXBuildFile; fileRef = 5200D0B3207070AF00F0381B /* Main.storyboard */; };
		5200D0B8207070AF00F0381B /* memo.xcdatamodeld in Sources */ = {isa = PBXBuildFile; fileRef = 5200D0B6207070AF00F0381B /* memo.xcdatamodeld */; };
		5200D0BA207070AF00F0381B /* Assets.xcassets in Resources */ = {isa = PBXBuildFile; fileRef = 5200D0B9207070AF00F0381B /* Assets.xcassets */; };
		5200D0BD207070AF00F0381B /* LaunchScreen.storyboard in Resources */ = {isa = PBXBuildFile; fileRef = 5200D0BB207070AF00F0381B /* LaunchScreen.storyboard */; };
		5200D0C6207070FC00F0381B /* arrow4.png in Resources */ = {isa = PBXBuildFile; fileRef = 5200D0C4207070FC00F0381B /* arrow4.png */; };
		5200D0C7207070FC00F0381B /* arrow5.png in Resources */ = {isa = PBXBuildFile; fileRef = 5200D0C5207070FC00F0381B /* arrow5.png */; };
		5200D0CA2070710300F0381B /* memolistCell.swift in Sources */ = {isa = PBXBuildFile; fileRef = 5200D0C82070710300F0381B /* memolistCell.swift */; };
		5200D0CB2070710300F0381B /* memodetail.swift in Sources */ = {isa = PBXBuildFile; fileRef = 5200D0C92070710300F0381B /* memodetail.swift */; };
		521EDC6F207075CF000464C2 /* MemoEntity+CoreDataClass.swift in Sources */ = {isa = PBXBuildFile; fileRef = 521EDC6D207075CF000464C2 /* MemoEntity+CoreDataClass.swift */; };
		521EDC70207075CF000464C2 /* MemoEntity+CoreDataProperties.swift in Sources */ = {isa = PBXBuildFile; fileRef = 521EDC6E207075CF000464C2 /* MemoEntity+CoreDataProperties.swift */; };
/* End PBXBuildFile section */

/* Begin PBXFileReference section */
		5200D0AC207070AF00F0381B /* memo.app */ = {isa = PBXFileReference; explicitFileType = wrapper.application; includeInIndex = 0; path = memo.app; sourceTree = BUILT_PRODUCTS_DIR; };
		5200D0AF207070AF00F0381B /* AppDelegate.swift */ = {isa = PBXFileReference; lastKnownFileType = sourcecode.swift; path = AppDelegate.swift; sourceTree = "<group>"; };
		5200D0B1207070AF00F0381B /* ViewController.swift */ = {isa = PBXFileReference; lastKnownFileType = sourcecode.swift; path = ViewController.swift; sourceTree = "<group>"; };
		5200D0B4207070AF00F0381B /* Base */ = {isa = PBXFileReference; lastKnownFileType = file.storyboard; name = Base; path = Base.lproj/Main.storyboard; sourceTree = "<group>"; };
		5200D0B7207070AF00F0381B /* memo.xcdatamodel */ = {isa = PBXFileReference; lastKnownFileType = wrapper.xcdatamodel; path = memo.xcdatamodel; sourceTree = "<group>"; };
		5200D0B9207070AF00F0381B /* Assets.xcassets */ = {isa = PBXFileReference; lastKnownFileType = folder.assetcatalog; path = Assets.xcassets; sourceTree = "<group>"; };
		5200D0BC207070AF00F0381B /* Base */ = {isa = PBXFileReference; lastKnownFileType = file.storyboard; name = Base; path = Base.lproj/LaunchScreen.storyboard; sourceTree = "<group>"; };
		5200D0BE207070AF00F0381B /* Info.plist */ = {isa = PBXFileReference; lastKnownFileType = text.plist.xml; path = Info.plist; sourceTree = "<group>"; };
		5200D0C4207070FC00F0381B /* arrow4.png */ = {isa = PBXFileReference; lastKnownFileType = image.png; path = arrow4.png; sourceTree = "<group>"; };
		5200D0C5207070FC00F0381B /* arrow5.png */ = {isa = PBXFileReference; lastKnownFileType = image.png; path = arrow5.png; sourceTree = "<group>"; };
		5200D0C82070710300F0381B /* memolistCell.swift */ = {isa = PBXFileReference; fileEncoding = 4; lastKnownFileType = sourcecode.swift; path = memolistCell.swift; sourceTree = "<group>"; };
		5200D0C92070710300F0381B /* memodetail.swift */ = {isa = PBXFileReference; fileEncoding = 4; lastKnownFileType = sourcecode.swift; path = memodetail.swift; sourceTree = "<group>"; };
		521EDC6D207075CF000464C2 /* MemoEntity+CoreDataClass.swift */ = {isa = PBXFileReference; lastKnownFileType = sourcecode.swift; name = "MemoEntity+CoreDataClass.swift"; path = "memo/MemoEntity+CoreDataClass.swift"; sourceTree = "<group>"; };
		521EDC6E207075CF000464C2 /* MemoEntity+CoreDataProperties.swift */ = {isa = PBXFileReference; lastKnownFileType = sourcecode.swift; name = "MemoEntity+CoreDataProperties.swift"; path = "memo/MemoEntity+CoreDataProperties.swift"; sourceTree = "<group>"; };
/* End PBXFileReference section */

/* Begin PBXFrameworksBuildPhase section */
		5200D0A9207070AF00F0381B /* Frameworks */ = {
			isa = PBXFrameworksBuildPhase;
			buildActionMask = 2147483647;
			files = (
			);
			runOnlyForDeploymentPostprocessing = 0;
		};
/* End PBXFrameworksBuildPhase section */

/* Begin PBXGroup section */
		5200D0A3207070AF00F0381B = {
			isa = PBXGroup;
			children = (
				521EDC6D207075CF000464C2 /* MemoEntity+CoreDataClass.swift */,
				521EDC6E207075CF000464C2 /* MemoEntity+CoreDataProperties.swift */,
				5200D0AE207070AF00F0381B /* memo */,
				5200D0AD207070AF00F0381B /* Products */,
			);
			sourceTree = "<group>";
		};
		5200D0AD207070AF00F0381B /* Products */ = {
			isa = PBXGroup;
			children = (
				5200D0AC207070AF00F0381B /* memo.app */,
			);
			name = Products;
			sourceTree = "<group>";
		};
		5200D0AE207070AF00F0381B /* memo */ = {
			isa = PBXGroup;
			children = (
				5200D0C92070710300F0381B /* memodetail.swift */,
				5200D0C82070710300F0381B /* memolistCell.swift */,
				5200D0AF207070AF00F0381B /* AppDelegate.swift */,
				5200D0B1207070AF00F0381B /* ViewController.swift */,
				5200D0B3207070AF00F0381B /* Main.storyboard */,
				5200D0B9207070AF00F0381B /* Assets.xcassets */,
				5200D0C4207070FC00F0381B /* arrow4.png */,
				5200D0C5207070FC00F0381B /* arrow5.png */,
				5200D0BB207070AF00F0381B /* LaunchScreen.storyboard */,
				5200D0BE207070AF00F0381B /* Info.plist */,
				5200D0B6207070AF00F0381B /* memo.xcdatamodeld */,
			);
			path = memo;
			sourceTree = "<group>";
		};
/* End PBXGroup section */

/* Begin PBXNativeTarget section */
		5200D0AB207070AF00F0381B /* memo */ = {
			isa = PBXNativeTarget;
			buildConfigurationList = 5200D0C1207070AF00F0381B /* Build configuration list for PBXNativeTarget "memo" */;
			buildPhases = (
				5200D0A8207070AF00F0381B /* Sources */,
				5200D0A9207070AF00F0381B /* Frameworks */,
				5200D0AA207070AF00F0381B /* Resources */,
			);
			buildRules = (
			);
			dependencies = (
			);
			name = memo;
			productName = memo;
			productReference = 5200D0AC207070AF00F0381B /* memo.app */;
			productType = "com.apple.product-type.application";
		};
/* End PBXNativeTarget section */

/* Begin PBXProject section */
		5200D0A4207070AF00F0381B /* Project object */ = {
			isa = PBXProject;
			attributes = {
				LastSwiftUpdateCheck = 0920;
				LastUpgradeCheck = 0920;
				ORGANIZATIONNAME = "박기찬";
				TargetAttributes = {
					5200D0AB207070AF00F0381B = {
						CreatedOnToolsVersion = 9.2;
						ProvisioningStyle = Automatic;
					};
				};
			};
			buildConfigurationList = 5200D0A7207070AF00F0381B /* Build configuration list for PBXProject "memo" */;
			compatibilityVersion = "Xcode 8.0";
			developmentRegion = en;
			hasScannedForEncodings = 0;
			knownRegions = (
				en,
				Base,
			);
			mainGroup = 5200D0A3207070AF00F0381B;
			productRefGroup = 5200D0AD207070AF00F0381B /* Products */;
			projectDirPath = "";
			projectRoot = "";
			targets = (
				5200D0AB207070AF00F0381B /* memo */,
			);
		};
/* End PBXProject section */

/* Begin PBXResourcesBuildPhase section */
		5200D0AA207070AF00F0381B /* Resources */ = {
			isa = PBXResourcesBuildPhase;
			buildActionMask = 2147483647;
			files = (
				5200D0C6207070FC00F0381B /* arrow4.png in Resources */,
				5200D0C7207070FC00F0381B /* arrow5.png in Resources */,
				5200D0BD207070AF00F0381B /* LaunchScreen.storyboard in Resources */,
				5200D0BA207070AF00F0381B /* Assets.xcassets in Resources */,
				5200D0B5207070AF00F0381B /* Main.storyboard in Resources */,
			);
			runOnlyForDeploymentPostprocessing = 0;
		};
/* End PBXResourcesBuildPhase section */

/* Begin PBXSourcesBuildPhase section */
		5200D0A8207070AF00F0381B /* Sources */ = {
			isa = PBXSourcesBuildPhase;
			buildActionMask = 2147483647;
			files = (
				521EDC6F207075CF000464C2 /* MemoEntity+CoreDataClass.swift in Sources */,
				5200D0CB2070710300F0381B /* memodetail.swift in Sources */,
				5200D0B2207070AF00F0381B /* ViewController.swift in Sources */,
				521EDC70207075CF000464C2 /* MemoEntity+CoreDataProperties.swift in Sources */,
				5200D0B0207070AF00F0381B /* AppDelegate.swift in Sources */,
				5200D0B8207070AF00F0381B /* memo.xcdatamodeld in Sources */,
				5200D0CA2070710300F0381B /* memolistCell.swift in Sources */,
			);
			runOnlyForDeploymentPostprocessing = 0;
		};
/* End PBXSourcesBuildPhase section */

/* Begin PBXVariantGroup section */
		5200D0B3207070AF00F0381B /* Main.storyboard */ = {
			isa = PBXVariantGroup;
			children = (
				5200D0B4207070AF00F0381B /* Base */,
			);
			name = Main.storyboard;
			sourceTree = "<group>";
		};
		5200D0BB207070AF00F0381B /* LaunchScreen.storyboard */ = {
			isa = PBXVariantGroup;
			children = (
				5200D0BC207070AF00F0381B /* Base */,
			);
			name = LaunchScreen.storyboard;
			sourceTree = "<group>";
		};
/* End PBXVariantGroup section */

/* Begin XCBuildConfiguration section */
		5200D0BF207070AF00F0381B /* Debug */ = {
			isa = XCBuildConfiguration;
			buildSettings = {
				ALWAYS_SEARCH_USER_PATHS = NO;
				CLANG_ANALYZER_NONNULL = YES;
				CLANG_ANALYZER_NUMBER_OBJECT_CONVERSION = YES_AGGRESSIVE;
				CLANG_CXX_LANGUAGE_STANDARD = "gnu++14";
				CLANG_CXX_LIBRARY = "libc++";
				CLANG_ENABLE_MODULES = YES;
				CLANG_ENABLE_OBJC_ARC = YES;
				CLANG_WARN_BLOCK_CAPTURE_AUTORELEASING = YES;
				CLANG_WARN_BOOL_CONVERSION = YES;
				CLANG_WARN_COMMA = YES;
				CLANG_WARN_CONSTANT_CONVERSION = YES;
				CLANG_WARN_DIRECT_OBJC_ISA_USAGE = YES_ERROR;
				CLANG_WARN_DOCUMENTATION_COMMENTS = YES;
				CLANG_WARN_EMPTY_BODY = YES;
				CLANG_WARN_ENUM_CONVERSION = YES;
				CLANG_WARN_INFINITE_RECURSION = YES;
				CLANG_WARN_INT_CONVERSION = YES;
				CLANG_WARN_NON_LITERAL_NULL_CONVERSION = YES;
				CLANG_WARN_OBJC_LITERAL_CONVERSION = YES;
				CLANG_WARN_OBJC_ROOT_CLASS = YES_ERROR;
				CLANG_WARN_RANGE_LOOP_ANALYSIS = YES;
				CLANG_WARN_STRICT_PROTOTYPES = YES;
				CLANG_WARN_SUSPICIOUS_MOVE = YES;
				CLANG_WARN_UNGUARDED_AVAILABILITY = YES_AGGRESSIVE;
				CLANG_WARN_UNREACHABLE_CODE = YES;
				CLANG_WARN__DUPLICATE_METHOD_MATCH = YES;
				CODE_SIGN_IDENTITY = "iPhone Developer";
				COPY_PHASE_STRIP = NO;
				DEBUG_INFORMATION_FORMAT = dwarf;
				ENABLE_STRICT_OBJC_MSGSEND = YES;
				ENABLE_TESTABILITY = YES;
				GCC_C_LANGUAGE_STANDARD = gnu11;
				GCC_DYNAMIC_NO_PIC = NO;
				GCC_NO_COMMON_BLOCKS = YES;
				GCC_OPTIMIZATION_LEVEL = 0;
				GCC_PREPROCESSOR_DEFINITIONS = (
					"DEBUG=1",
					"$(inherited)",
				);
				GCC_WARN_64_TO_32_BIT_CONVERSION = YES;
				GCC_WARN_ABOUT_RETURN_TYPE = YES_ERROR;
				GCC_WARN_UNDECLARED_SELECTOR = YES;
				GCC_WARN_UNINITIALIZED_AUTOS = YES_AGGRESSIVE;
				GCC_WARN_UNUSED_FUNCTION = YES;
				GCC_WARN_UNUSED_VARIABLE = YES;
				IPHONEOS_DEPLOYMENT_TARGET = 11.2;
				MTL_ENABLE_DEBUG_INFO = YES;
				ONLY_ACTIVE_ARCH = YES;
				SDKROOT = iphoneos;
				SWIFT_ACTIVE_COMPILATION_CONDITIONS = DEBUG;
				SWIFT_OPTIMIZATION_LEVEL = "-Onone";
			};
			name = Debug;
		};
		5200D0C0207070AF00F0381B /* Release */ = {
			isa = XCBuildConfiguration;
			buildSettings = {
				ALWAYS_SEARCH_USER_PATHS = NO;
				CLANG_ANALYZER_NONNULL = YES;
				CLANG_ANALYZER_NUMBER_OBJECT_CONVERSION = YES_AGGRESSIVE;
				CLANG_CXX_LANGUAGE_STANDARD = "gnu++14";
				CLANG_CXX_LIBRARY = "libc++";
				CLANG_ENABLE_MODULES = YES;
				CLANG_ENABLE_OBJC_ARC = YES;
				CLANG_WARN_BLOCK_CAPTURE_AUTORELEASING = YES;
				CLANG_WARN_BOOL_CONVERSION = YES;
				CLANG_WARN_COMMA = YES;
				CLANG_WARN_CONSTANT_CONVERSION = YES;
				CLANG_WARN_DIRECT_OBJC_ISA_USAGE = YES_ERROR;
				CLANG_WARN_DOCUMENTATION_COMMENTS = YES;
				CLANG_WARN_EMPTY_BODY = YES;
				CLANG_WARN_ENUM_CONVERSION = YES;
				CLANG_WARN_INFINITE_RECURSION = YES;
				CLANG_WARN_INT_CONVERSION = YES;
				CLANG_WARN_NON_LITERAL_NULL_CONVERSION = YES;
				CLANG_WARN_OBJC_LITERAL_CONVERSION = YES;
				CLANG_WARN_OBJC_ROOT_CLASS = YES_ERROR;
				CLANG_WARN_RANGE_LOOP_ANALYSIS = YES;
				CLANG_WARN_STRICT_PROTOTYPES = YES;
				CLANG_WARN_SUSPICIOUS_MOVE = YES;
				CLANG_WARN_UNGUARDED_AVAILABILITY = YES_AGGRESSIVE;
				CLANG_WARN_UNREACHABLE_CODE = YES;
				CLANG_WARN__DUPLICATE_METHOD_MATCH = YES;
				CODE_SIGN_IDENTITY = "iPhone Developer";
				COPY_PHASE_STRIP = NO;
				DEBUG_INFORMATION_FORMAT = "dwarf-with-dsym";
				ENABLE_NS_ASSERTIONS = NO;
				ENABLE_STRICT_OBJC_MSGSEND = YES;
				GCC_C_LANGUAGE_STANDARD = gnu11;
				GCC_NO_COMMON_BLOCKS = YES;
				GCC_WARN_64_TO_32_BIT_CONVERSION = YES;
				GCC_WARN_ABOUT_RETURN_TYPE = YES_ERROR;
				GCC_WARN_UNDECLARED_SELECTOR = YES;
				GCC_WARN_UNINITIALIZED_AUTOS = YES_AGGRESSIVE;
				GCC_WARN_UNUSED_FUNCTION = YES;
				GCC_WARN_UNUSED_VARIABLE = YES;
				IPHONEOS_DEPLOYMENT_TARGET = 11.2;
				MTL_ENABLE_DEBUG_INFO = NO;
				SDKROOT = iphoneos;
				SWIFT_OPTIMIZATION_LEVEL = "-Owholemodule";
				VALIDATE_PRODUCT = YES;
			};
			name = Release;
		};
		5200D0C2207070AF00F0381B /* Debug */ = {
			isa = XCBuildConfiguration;
			buildSettings = {
				ASSETCATALOG_COMPILER_APPICON_NAME = AppIcon;
				CODE_SIGN_STYLE = Automatic;
				DEVELOPMENT_TEAM = 365949Z6ZQ;
				INFOPLIST_FILE = memo/Info.plist;
				LD_RUNPATH_SEARCH_PATHS = "$(inherited) @executable_path/Frameworks";
				PRODUCT_BUNDLE_IDENTIFIER = com.pkc.memo;
				PRODUCT_NAME = "$(TARGET_NAME)";
				SWIFT_VERSION = 4.0;
				TARGETED_DEVICE_FAMILY = "1,2";
			};
			name = Debug;
		};
		5200D0C3207070AF00F0381B /* Release */ = {
			isa = XCBuildConfiguration;
			buildSettings = {
				ASSETCATALOG_COMPILER_APPICON_NAME = AppIcon;
				CODE_SIGN_STYLE = Automatic;
				DEVELOPMENT_TEAM = 365949Z6ZQ;
				INFOPLIST_FILE = memo/Info.plist;
				LD_RUNPATH_SEARCH_PATHS = "$(inherited) @executable_path/Frameworks";
				PRODUCT_BUNDLE_IDENTIFIER = com.pkc.memo;
				PRODUCT_NAME = "$(TARGET_NAME)";
				SWIFT_VERSION = 4.0;
				TARGETED_DEVICE_FAMILY = "1,2";
			};
			name = Release;
		};
/* End XCBuildConfiguration section */

/* Begin XCConfigurationList section */
		5200D0A7207070AF00F0381B /* Build configuration list for PBXProject "memo" */ = {
			isa = XCConfigurationList;
			buildConfigurations = (
				5200D0BF207070AF00F0381B /* Debug */,
				5200D0C0207070AF00F0381B /* Release */,
			);
			defaultConfigurationIsVisible = 0;
			defaultConfigurationName = Release;
		};
		5200D0C1207070AF00F0381B /* Build configuration list for PBXNativeTarget "memo" */ = {
			isa = XCConfigurationList;
			buildConfigurations = (
				5200D0C2207070AF00F0381B /* Debug */,
				5200D0C3207070AF00F0381B /* Release */,
			);
			defaultConfigurationIsVisible = 0;
			defaultConfigurationName = Release;
		};
/* End XCConfigurationList section */

/* Begin XCVersionGroup section */
		5200D0B6207070AF00F0381B /* memo.xcdatamodeld */ = {
			isa = XCVersionGroup;
			children = (
				5200D0B7207070AF00F0381B /* memo.xcdatamodel */,
			);
			currentVersion = 5200D0B7207070AF00F0381B /* memo.xcdatamodel */;
			path = memo.xcdatamodeld;
			sourceTree = "<group>";
			versionGroupType = wrapper.xcdatamodel;
		};
/* End XCVersionGroup section */
	};
	rootObject = 5200D0A4207070AF00F0381B /* Project object */;
}
